
Microsoft Visual Studio Solution File, Format Version 12.00
# Visual Studio Version 17
VisualStudioVersion = 17.13.35931.197
MinimumVisualStudioVersion = 10.0.40219.1
Project("{FAE04EC0-301F-11D3-BF4B-00C04F79EFBC}") = "Presentation", "Presentation.csproj", "{51D8C621-F992-43E4-9FEE-7E7A90C0CBB4}"
EndProject
Project("{FAE04EC0-301F-11D3-BF4B-00C04F79EFBC}") = "Domain", "..\Domain\Domain.csproj", "{D30F585D-7BB9-4C28-AFE3-8BF7F2727392}"
EndProject
Project("{FAE04EC0-301F-11D3-BF4B-00C04F79EFBC}") = "Infrastructure", "..\Infrastructure\Infrastructure.csproj", "{336DDBC1-D406-4F5F-86F3-148605CBFAA0}"
EndProject
Project("{FAE04EC0-301F-11D3-BF4B-00C04F79EFBC}") = "Applications", "..\Applications\Applications.csproj", "{C2414005-D6FC-440F-8EEB-9A891AA57973}"
EndProject
Global
	GlobalSection(SolutionConfigurationPlatforms) = preSolution
		Debug|Any CPU = Debug|Any CPU
		Release|Any CPU = Release|Any CPU
	EndGlobalSection
	GlobalSection(ProjectConfigurationPlatforms) = postSolution
		{51D8C621-F992-43E4-9FEE-7E7A90C0CBB4}.Debug|Any CPU.ActiveCfg = Debug|Any CPU
		{51D8C621-F992-43E4-9FEE-7E7A90C0CBB4}.Debug|Any CPU.Build.0 = Debug|Any CPU
		{51D8C621-F992-43E4-9FEE-7E7A90C0CBB4}.Release|Any CPU.ActiveCfg = Release|Any CPU
		{51D8C621-F992-43E4-9FEE-7E7A90C0CBB4}.Release|Any CPU.Build.0 = Release|Any CPU
		{D30F585D-7BB9-4C28-AFE3-8BF7F2727392}.Debug|Any CPU.ActiveCfg = Debug|Any CPU
		{D30F585D-7BB9-4C28-AFE3-8BF7F2727392}.Debug|Any CPU.Build.0 = Debug|Any CPU
		{D30F585D-7BB9-4C28-AFE3-8BF7F2727392}.Release|Any CPU.ActiveCfg = Release|Any CPU
		{D30F585D-7BB9-4C28-AFE3-8BF7F2727392}.Release|Any CPU.Build.0 = Release|Any CPU
		{336DDBC1-D406-4F5F-86F3-148605CBFAA0}.Debug|Any CPU.ActiveCfg = Debug|Any CPU
		{336DDBC1-D406-4F5F-86F3-148605CBFAA0}.Debug|Any CPU.Build.0 = Debug|Any CPU
		{336DDBC1-D406-4F5F-86F3-148605CBFAA0}.Release|Any CPU.ActiveCfg = Release|Any CPU
		{336DDBC1-D406-4F5F-86F3-148605CBFAA0}.Release|Any CPU.Build.0 = Release|Any CPU
		{C2414005-D6FC-440F-8EEB-9A891AA57973}.Debug|Any CPU.ActiveCfg = Debug|Any CPU
		{C2414005-D6FC-440F-8EEB-9A891AA57973}.Debug|Any CPU.Build.0 = Debug|Any CPU
		{C2414005-D6FC-440F-8EEB-9A891AA57973}.Release|Any CPU.ActiveCfg = Release|Any CPU
		{C2414005-D6FC-440F-8EEB-9A891AA57973}.Release|Any CPU.Build.0 = Release|Any CPU
	EndGlobalSection
	GlobalSection(SolutionProperties) = preSolution
		HideSolutionNode = FALSE
	EndGlobalSection
	GlobalSection(ExtensibilityGlobals) = postSolution
		SolutionGuid = {CDF4DDDB-A9B5-4632-9D7D-27CBD2356260}
	EndGlobalSection
EndGlobal
